
Microsoft Visual Studio Solution File, Format Version 12.00
# Visual Studio Version 16
VisualStudioVersion = 16.0.31205.134
MinimumVisualStudioVersion = 10.0.40219.1
Project("{FAE04EC0-301F-11D3-BF4B-00C04F79EFBC}") = "CafeShopManagement", "CafeShopManagement.csproj", "{5F0A5B2A-1C22-42F7-91C2-869D9C2428AA}"
EndProject
Global
	GlobalSection(SolutionConfigurationPlatforms) = preSolution
		Debug|Any CPU = Debug|Any CPU
		Release|Any CPU = Release|Any CPU
	EndGlobalSection
	GlobalSection(ProjectConfigurationPlatforms) = postSolution
		{5F0A5B2A-1C22-42F7-91C2-869D9C2428AA}.Debug|Any CPU.ActiveCfg = Debug|Any CPU
		{5F0A5B2A-1C22-42F7-91C2-869D9C2428AA}.Debug|Any CPU.Build.0 = Debug|Any CPU
		{5F0A5B2A-1C22-42F7-91C2-869D9C2428AA}.Release|Any CPU.ActiveCfg = Release|Any CPU
		{5F0A5B2A-1C22-42F7-91C2-869D9C2428AA}.Release|Any CPU.Build.0 = Release|Any CPU
	EndGlobalSection
	GlobalSection(SolutionProperties) = preSolution
		HideSolutionNode = FALSE
	EndGlobalSection
	GlobalSection(ExtensibilityGlobals) = postSolution
		SolutionGuid = {1336F16C-AC35-4668-B2F9-13DFBBD6CA52}
	EndGlobalSection
EndGlobal
